
Microsoft Visual Studio Solution File, Format Version 12.00
# Visual Studio 14
VisualStudioVersion = 14.0.23107.0
MinimumVisualStudioVersion = 10.0.40219.1
Project("{FAE04EC0-301F-11D3-BF4B-00C04F79EFBC}") = "MoneyFlow.Data", "MoneyFlow.Data\MoneyFlow.Data.csproj", "{66C0DB7A-BB1E-4A3E-9C3E-3D617D1D30DB}"
EndProject
Project("{2150E333-8FDC-42A3-9474-1A3956D46DE8}") = ".nuget", ".nuget", "{B95262FD-C610-4F8E-ACF1-8D216FED1834}"
	ProjectSection(SolutionItems) = preProject
		.nuget\NuGet.Config = .nuget\NuGet.Config
		.nuget\NuGet.exe = .nuget\NuGet.exe
		.nuget\NuGet.targets = .nuget\NuGet.targets
	EndProjectSection
EndProject
Project("{FAE04EC0-301F-11D3-BF4B-00C04F79EFBC}") = "MoneyFlow.Test", "MoneyFlow.Test\MoneyFlow.Test.csproj", "{607DC3E8-35FC-47A7-9B22-6A2D694C9B28}"
EndProject
Project("{CC5FD16D-436D-48AD-A40C-5A424C6E3E79}") = "MoneyFlow.Azure", "MoneyFlow.Azure\MoneyFlow.Azure.ccproj", "{564DFCE0-B7B9-4822-BEE0-C83A0AFA602D}"
EndProject
Project("{FAE04EC0-301F-11D3-BF4B-00C04F79EFBC}") = "MoneyFlow.Api", "MoneyFlow.Api\MoneyFlow.Api.csproj", "{DE64F9B8-3439-43AE-B31E-5BD70BD33EC7}"
EndProject
Global
	GlobalSection(SolutionConfigurationPlatforms) = preSolution
		Debug|Any CPU = Debug|Any CPU
		Release|Any CPU = Release|Any CPU
	EndGlobalSection
	GlobalSection(ProjectConfigurationPlatforms) = postSolution
		{66C0DB7A-BB1E-4A3E-9C3E-3D617D1D30DB}.Debug|Any CPU.ActiveCfg = Debug|Any CPU
		{66C0DB7A-BB1E-4A3E-9C3E-3D617D1D30DB}.Debug|Any CPU.Build.0 = Debug|Any CPU
		{66C0DB7A-BB1E-4A3E-9C3E-3D617D1D30DB}.Release|Any CPU.ActiveCfg = Release|Any CPU
		{66C0DB7A-BB1E-4A3E-9C3E-3D617D1D30DB}.Release|Any CPU.Build.0 = Release|Any CPU
		{607DC3E8-35FC-47A7-9B22-6A2D694C9B28}.Debug|Any CPU.ActiveCfg = Debug|Any CPU
		{607DC3E8-35FC-47A7-9B22-6A2D694C9B28}.Debug|Any CPU.Build.0 = Debug|Any CPU
		{607DC3E8-35FC-47A7-9B22-6A2D694C9B28}.Release|Any CPU.ActiveCfg = Release|Any CPU
		{607DC3E8-35FC-47A7-9B22-6A2D694C9B28}.Release|Any CPU.Build.0 = Release|Any CPU
		{564DFCE0-B7B9-4822-BEE0-C83A0AFA602D}.Debug|Any CPU.ActiveCfg = Debug|Any CPU
		{564DFCE0-B7B9-4822-BEE0-C83A0AFA602D}.Debug|Any CPU.Build.0 = Debug|Any CPU
		{564DFCE0-B7B9-4822-BEE0-C83A0AFA602D}.Release|Any CPU.ActiveCfg = Release|Any CPU
		{564DFCE0-B7B9-4822-BEE0-C83A0AFA602D}.Release|Any CPU.Build.0 = Release|Any CPU
		{DE64F9B8-3439-43AE-B31E-5BD70BD33EC7}.Debug|Any CPU.ActiveCfg = Debug|Any CPU
		{DE64F9B8-3439-43AE-B31E-5BD70BD33EC7}.Debug|Any CPU.Build.0 = Debug|Any CPU
		{DE64F9B8-3439-43AE-B31E-5BD70BD33EC7}.Release|Any CPU.ActiveCfg = Release|Any CPU
		{DE64F9B8-3439-43AE-B31E-5BD70BD33EC7}.Release|Any CPU.Build.0 = Release|Any CPU
	EndGlobalSection
	GlobalSection(SolutionProperties) = preSolution
		HideSolutionNode = FALSE
	EndGlobalSection
EndGlobal
